
Microsoft Visual Studio Solution File, Format Version 12.00
# Visual Studio 2012
Project("{FAE04EC0-301F-11D3-BF4B-00C04F79EFBC}") = "PowerPC to C", "PowerPC to C\PowerPC to C.csproj", "{F29474B9-732B-4DF4-93C7-AE448B1CA435}"
EndProject
Global
	GlobalSection(SolutionConfigurationPlatforms) = preSolution
		Debug|Any CPU = Debug|Any CPU
		Release|Any CPU = Release|Any CPU
	EndGlobalSection
	GlobalSection(ProjectConfigurationPlatforms) = postSolution
		{F29474B9-732B-4DF4-93C7-AE448B1CA435}.Debug|Any CPU.ActiveCfg = Debug|Any CPU
		{F29474B9-732B-4DF4-93C7-AE448B1CA435}.Debug|Any CPU.Build.0 = Debug|Any CPU
		{F29474B9-732B-4DF4-93C7-AE448B1CA435}.Release|Any CPU.ActiveCfg = Release|Any CPU
		{F29474B9-732B-4DF4-93C7-AE448B1CA435}.Release|Any CPU.Build.0 = Release|Any CPU
	EndGlobalSection
	GlobalSection(SolutionProperties) = preSolution
		HideSolutionNode = FALSE
	EndGlobalSection
EndGlobal
