
Microsoft Visual Studio Solution File, Format Version 12.00
# Visual Studio 2012
Project("{FAE04EC0-301F-11D3-BF4B-00C04F79EFBC}") = "Troubleshooter", "Troubleshooter\Troubleshooter.csproj", "{1C9821C5-9B84-4BA9-9379-A983A0DF7BDD}"
EndProject
Global
	GlobalSection(SolutionConfigurationPlatforms) = preSolution
		Debug|Any CPU = Debug|Any CPU
		Debug|Mixed Platforms = Debug|Mixed Platforms
		Debug|x86 = Debug|x86
		Release|Any CPU = Release|Any CPU
		Release|Mixed Platforms = Release|Mixed Platforms
		Release|x86 = Release|x86
	EndGlobalSection
	GlobalSection(ProjectConfigurationPlatforms) = postSolution
		{1C9821C5-9B84-4BA9-9379-A983A0DF7BDD}.Debug|Any CPU.ActiveCfg = Debug|Any CPU
		{1C9821C5-9B84-4BA9-9379-A983A0DF7BDD}.Debug|Any CPU.Build.0 = Debug|Any CPU
		{1C9821C5-9B84-4BA9-9379-A983A0DF7BDD}.Debug|Mixed Platforms.ActiveCfg = Debug|Any CPU
		{1C9821C5-9B84-4BA9-9379-A983A0DF7BDD}.Debug|Mixed Platforms.Build.0 = Debug|Any CPU
		{1C9821C5-9B84-4BA9-9379-A983A0DF7BDD}.Debug|x86.ActiveCfg = Debug|Any CPU
		{1C9821C5-9B84-4BA9-9379-A983A0DF7BDD}.Release|Any CPU.ActiveCfg = Release|Any CPU
		{1C9821C5-9B84-4BA9-9379-A983A0DF7BDD}.Release|Any CPU.Build.0 = Release|Any CPU
		{1C9821C5-9B84-4BA9-9379-A983A0DF7BDD}.Release|Mixed Platforms.ActiveCfg = Release|Any CPU
		{1C9821C5-9B84-4BA9-9379-A983A0DF7BDD}.Release|Mixed Platforms.Build.0 = Release|Any CPU
		{1C9821C5-9B84-4BA9-9379-A983A0DF7BDD}.Release|x86.ActiveCfg = Release|Any CPU
	EndGlobalSection
	GlobalSection(SolutionProperties) = preSolution
		HideSolutionNode = FALSE
	EndGlobalSection
EndGlobal
